
Microsoft Visual Studio Solution File, Format Version 12.00
# Visual Studio 15
VisualStudioVersion = 15.0.26430.15
MinimumVisualStudioVersion = 10.0.40219.1
Project("{FAE04EC0-301F-11D3-BF4B-00C04F79EFBC}") = "WpfUtility", "WpfUtility\WpfUtility.csproj", "{BCA727AA-E660-4B4B-88AA-BA6F43ADB952}"
EndProject
Project("{FAE04EC0-301F-11D3-BF4B-00C04F79EFBC}") = "Sample", "Sample\Sample.csproj", "{E5CE1003-BD11-427B-AB8F-057AC25DE1BC}"
EndProject
Global
	GlobalSection(SolutionConfigurationPlatforms) = preSolution
		Debug|Any CPU = Debug|Any CPU
		Release|Any CPU = Release|Any CPU
	EndGlobalSection
	GlobalSection(ProjectConfigurationPlatforms) = postSolution
		{BCA727AA-E660-4B4B-88AA-BA6F43ADB952}.Debug|Any CPU.ActiveCfg = Debug|Any CPU
		{BCA727AA-E660-4B4B-88AA-BA6F43ADB952}.Debug|Any CPU.Build.0 = Debug|Any CPU
		{BCA727AA-E660-4B4B-88AA-BA6F43ADB952}.Release|Any CPU.ActiveCfg = Release|Any CPU
		{BCA727AA-E660-4B4B-88AA-BA6F43ADB952}.Release|Any CPU.Build.0 = Release|Any CPU
		{E5CE1003-BD11-427B-AB8F-057AC25DE1BC}.Debug|Any CPU.ActiveCfg = Debug|Any CPU
		{E5CE1003-BD11-427B-AB8F-057AC25DE1BC}.Debug|Any CPU.Build.0 = Debug|Any CPU
		{E5CE1003-BD11-427B-AB8F-057AC25DE1BC}.Release|Any CPU.ActiveCfg = Release|Any CPU
		{E5CE1003-BD11-427B-AB8F-057AC25DE1BC}.Release|Any CPU.Build.0 = Release|Any CPU
	EndGlobalSection
	GlobalSection(SolutionProperties) = preSolution
		HideSolutionNode = FALSE
	EndGlobalSection
EndGlobal
